
Microsoft Visual Studio Solution File, Format Version 12.00
# Visual Studio Version 16
VisualStudioVersion = 16.0.29201.188
MinimumVisualStudioVersion = 10.0.40219.1
Project("{9A19103F-16F7-4668-BE54-9A1E7A4F7556}") = "NitelikliBilisim.App", "NitelikliBilisim.App\NitelikliBilisim.App.csproj", "{E2FD8A2E-C372-4881-8BD5-0124ED5B00E9}"
EndProject
Project("{2150E333-8FDC-42A3-9474-1A3956D46DE8}") = "App", "App", "{D1B31095-F5D1-4376-B9C8-AE36424A6A28}"
EndProject
Project("{2150E333-8FDC-42A3-9474-1A3956D46DE8}") = "Infrastructure", "Infrastructure", "{A4B3C5F1-FCD4-4CC3-B5EB-DD6160F9586F}"
EndProject
Project("{9A19103F-16F7-4668-BE54-9A1E7A4F7556}") = "NitelikliBilisim.Core", "NitelikliBilisim.Core\NitelikliBilisim.Core.csproj", "{2F5C37C1-F226-481B-A40E-CDD89076E5E6}"
EndProject
Project("{9A19103F-16F7-4668-BE54-9A1E7A4F7556}") = "NitelikliBilisim.Data", "NitelikliBilisim.Data\NitelikliBilisim.Data.csproj", "{6943437D-2948-4F9C-B5A5-7D3F8B9269EE}"
EndProject
Project("{9A19103F-16F7-4668-BE54-9A1E7A4F7556}") = "NitelikliBilisim.Business", "NitelikliBilisim.Business\NitelikliBilisim.Business.csproj", "{9CB0A390-87A4-4780-A6C8-116FC04A6501}"
EndProject
Project("{2150E333-8FDC-42A3-9474-1A3956D46DE8}") = "MessageQueue", "MessageQueue", "{4B5FF3D9-CFFF-4813-85B6-6EFE763ADDC5}"
EndProject
Project("{9A19103F-16F7-4668-BE54-9A1E7A4F7556}") = "NitelikliBilisim.Notificator", "NitelikliBilisim.Notificator\NitelikliBilisim.Notificator.csproj", "{D646A4DE-9EBB-48D7-A81C-364981A8AEF8}"
EndProject
Project("{2150E333-8FDC-42A3-9474-1A3956D46DE8}") = "Test", "Test", "{091AE801-CAB6-41F5-A45B-09F9C62CB17E}"
EndProject
Project("{9A19103F-16F7-4668-BE54-9A1E7A4F7556}") = "NitelikliBilisim.Test", "NitelikliBilisim.Test\NitelikliBilisim.Test.csproj", "{CBBEBA0C-A467-4CD6-94B1-FA347EF7512E}"
EndProject
Project("{2150E333-8FDC-42A3-9474-1A3956D46DE8}") = "WorkerService", "WorkerService", "{1E391C72-798C-402A-BC7B-512F35A6AAFE}"
EndProject
Project("{FAE04EC0-301F-11D3-BF4B-00C04F79EFBC}") = "NitelikliBilisim.RefreshSuggestedEducations", "NitelikliBilisim.RefreshSuggestedEducations\NitelikliBilisim.RefreshSuggestedEducations.csproj", "{26810954-CB62-4058-9576-B2786E09C289}"
EndProject
Global
	GlobalSection(SolutionConfigurationPlatforms) = preSolution
		Debug|Any CPU = Debug|Any CPU
		Release|Any CPU = Release|Any CPU
	EndGlobalSection
	GlobalSection(ProjectConfigurationPlatforms) = postSolution
		{E2FD8A2E-C372-4881-8BD5-0124ED5B00E9}.Debug|Any CPU.ActiveCfg = Debug|Any CPU
		{E2FD8A2E-C372-4881-8BD5-0124ED5B00E9}.Debug|Any CPU.Build.0 = Debug|Any CPU
		{E2FD8A2E-C372-4881-8BD5-0124ED5B00E9}.Release|Any CPU.ActiveCfg = Release|Any CPU
		{E2FD8A2E-C372-4881-8BD5-0124ED5B00E9}.Release|Any CPU.Build.0 = Release|Any CPU
		{2F5C37C1-F226-481B-A40E-CDD89076E5E6}.Debug|Any CPU.ActiveCfg = Debug|Any CPU
		{2F5C37C1-F226-481B-A40E-CDD89076E5E6}.Debug|Any CPU.Build.0 = Debug|Any CPU
		{2F5C37C1-F226-481B-A40E-CDD89076E5E6}.Release|Any CPU.ActiveCfg = Release|Any CPU
		{2F5C37C1-F226-481B-A40E-CDD89076E5E6}.Release|Any CPU.Build.0 = Release|Any CPU
		{6943437D-2948-4F9C-B5A5-7D3F8B9269EE}.Debug|Any CPU.ActiveCfg = Debug|Any CPU
		{6943437D-2948-4F9C-B5A5-7D3F8B9269EE}.Debug|Any CPU.Build.0 = Debug|Any CPU
		{6943437D-2948-4F9C-B5A5-7D3F8B9269EE}.Release|Any CPU.ActiveCfg = Release|Any CPU
		{6943437D-2948-4F9C-B5A5-7D3F8B9269EE}.Release|Any CPU.Build.0 = Release|Any CPU
		{9CB0A390-87A4-4780-A6C8-116FC04A6501}.Debug|Any CPU.ActiveCfg = Debug|Any CPU
		{9CB0A390-87A4-4780-A6C8-116FC04A6501}.Debug|Any CPU.Build.0 = Debug|Any CPU
		{9CB0A390-87A4-4780-A6C8-116FC04A6501}.Release|Any CPU.ActiveCfg = Release|Any CPU
		{9CB0A390-87A4-4780-A6C8-116FC04A6501}.Release|Any CPU.Build.0 = Release|Any CPU
		{D646A4DE-9EBB-48D7-A81C-364981A8AEF8}.Debug|Any CPU.ActiveCfg = Debug|Any CPU
		{D646A4DE-9EBB-48D7-A81C-364981A8AEF8}.Debug|Any CPU.Build.0 = Debug|Any CPU
		{D646A4DE-9EBB-48D7-A81C-364981A8AEF8}.Release|Any CPU.ActiveCfg = Release|Any CPU
		{D646A4DE-9EBB-48D7-A81C-364981A8AEF8}.Release|Any CPU.Build.0 = Release|Any CPU
		{CBBEBA0C-A467-4CD6-94B1-FA347EF7512E}.Debug|Any CPU.ActiveCfg = Debug|Any CPU
		{CBBEBA0C-A467-4CD6-94B1-FA347EF7512E}.Debug|Any CPU.Build.0 = Debug|Any CPU
		{CBBEBA0C-A467-4CD6-94B1-FA347EF7512E}.Release|Any CPU.ActiveCfg = Release|Any CPU
		{CBBEBA0C-A467-4CD6-94B1-FA347EF7512E}.Release|Any CPU.Build.0 = Release|Any CPU
		{26810954-CB62-4058-9576-B2786E09C289}.Debug|Any CPU.ActiveCfg = Debug|Any CPU
		{26810954-CB62-4058-9576-B2786E09C289}.Debug|Any CPU.Build.0 = Debug|Any CPU
		{26810954-CB62-4058-9576-B2786E09C289}.Release|Any CPU.ActiveCfg = Release|Any CPU
		{26810954-CB62-4058-9576-B2786E09C289}.Release|Any CPU.Build.0 = Release|Any CPU
	EndGlobalSection
	GlobalSection(SolutionProperties) = preSolution
		HideSolutionNode = FALSE
	EndGlobalSection
	GlobalSection(NestedProjects) = preSolution
		{E2FD8A2E-C372-4881-8BD5-0124ED5B00E9} = {D1B31095-F5D1-4376-B9C8-AE36424A6A28}
		{2F5C37C1-F226-481B-A40E-CDD89076E5E6} = {A4B3C5F1-FCD4-4CC3-B5EB-DD6160F9586F}
		{6943437D-2948-4F9C-B5A5-7D3F8B9269EE} = {A4B3C5F1-FCD4-4CC3-B5EB-DD6160F9586F}
		{9CB0A390-87A4-4780-A6C8-116FC04A6501} = {A4B3C5F1-FCD4-4CC3-B5EB-DD6160F9586F}
		{D646A4DE-9EBB-48D7-A81C-364981A8AEF8} = {4B5FF3D9-CFFF-4813-85B6-6EFE763ADDC5}
		{CBBEBA0C-A467-4CD6-94B1-FA347EF7512E} = {091AE801-CAB6-41F5-A45B-09F9C62CB17E}
		{26810954-CB62-4058-9576-B2786E09C289} = {1E391C72-798C-402A-BC7B-512F35A6AAFE}
	EndGlobalSection
	GlobalSection(ExtensibilityGlobals) = postSolution
		SolutionGuid = {D83E5B10-D3E1-406D-9435-64989439950D}
	EndGlobalSection
EndGlobal
